// !$*UTF8*$!
{
	archiveVersion = 1;
	classes = {
	};
	objectVersion = 55;
	objects = {

/* Begin PBXBuildFile section */
		3C801F044149228276E4C00A /* Pods_BudgetizeApp.framework in Frameworks */ = {isa = PBXBuildFile; fileRef = 86AE28DA12478C6D0C4C2BA7 /* Pods_BudgetizeApp.framework */; };
		89073A1F2926A6CC00020801 /* AppDelegate.swift in Sources */ = {isa = PBXBuildFile; fileRef = 89073A1E2926A6CC00020801 /* AppDelegate.swift */; };
		89073A212926A6CC00020801 /* SceneDelegate.swift in Sources */ = {isa = PBXBuildFile; fileRef = 89073A202926A6CC00020801 /* SceneDelegate.swift */; };
		89073A262926A6CC00020801 /* Main.storyboard in Resources */ = {isa = PBXBuildFile; fileRef = 89073A242926A6CC00020801 /* Main.storyboard */; };
		89073A282926A6CE00020801 /* Assets.xcassets in Resources */ = {isa = PBXBuildFile; fileRef = 89073A272926A6CE00020801 /* Assets.xcassets */; };
		89073A2B2926A6CE00020801 /* LaunchScreen.storyboard in Resources */ = {isa = PBXBuildFile; fileRef = 89073A292926A6CE00020801 /* LaunchScreen.storyboard */; };
		89073A35292A8AFA00020801 /* LoginViewController.swift in Sources */ = {isa = PBXBuildFile; fileRef = 89073A34292A8AFA00020801 /* LoginViewController.swift */; };
		89073A39292DA04500020801 /* HomeViewController.swift in Sources */ = {isa = PBXBuildFile; fileRef = 89073A38292DA04500020801 /* HomeViewController.swift */; };
/* End PBXBuildFile section */

/* Begin PBXFileReference section */
		5507487FA18AE0AE97D48DA2 /* Pods-BudgetizeApp.release.xcconfig */ = {isa = PBXFileReference; includeInIndex = 1; lastKnownFileType = text.xcconfig; name = "Pods-BudgetizeApp.release.xcconfig"; path = "Target Support Files/Pods-BudgetizeApp/Pods-BudgetizeApp.release.xcconfig"; sourceTree = "<group>"; };
		6C5537F9BDDA071709685833 /* Pods-BudgetizeApp.debug.xcconfig */ = {isa = PBXFileReference; includeInIndex = 1; lastKnownFileType = text.xcconfig; name = "Pods-BudgetizeApp.debug.xcconfig"; path = "Target Support Files/Pods-BudgetizeApp/Pods-BudgetizeApp.debug.xcconfig"; sourceTree = "<group>"; };
		86AE28DA12478C6D0C4C2BA7 /* Pods_BudgetizeApp.framework */ = {isa = PBXFileReference; explicitFileType = wrapper.framework; includeInIndex = 0; path = Pods_BudgetizeApp.framework; sourceTree = BUILT_PRODUCTS_DIR; };
		89073A1B2926A6CC00020801 /* BudgetizeApp.app */ = {isa = PBXFileReference; explicitFileType = wrapper.application; includeInIndex = 0; path = BudgetizeApp.app; sourceTree = BUILT_PRODUCTS_DIR; };
		89073A1E2926A6CC00020801 /* AppDelegate.swift */ = {isa = PBXFileReference; lastKnownFileType = sourcecode.swift; path = AppDelegate.swift; sourceTree = "<group>"; };
		89073A202926A6CC00020801 /* SceneDelegate.swift */ = {isa = PBXFileReference; lastKnownFileType = sourcecode.swift; path = SceneDelegate.swift; sourceTree = "<group>"; };
		89073A252926A6CC00020801 /* Base */ = {isa = PBXFileReference; lastKnownFileType = file.storyboard; name = Base; path = Base.lproj/Main.storyboard; sourceTree = "<group>"; };
		89073A272926A6CE00020801 /* Assets.xcassets */ = {isa = PBXFileReference; lastKnownFileType = folder.assetcatalog; path = Assets.xcassets; sourceTree = "<group>"; };
		89073A2A2926A6CE00020801 /* Base */ = {isa = PBXFileReference; lastKnownFileType = file.storyboard; name = Base; path = Base.lproj/LaunchScreen.storyboard; sourceTree = "<group>"; };
		89073A2C2926A6CE00020801 /* Info.plist */ = {isa = PBXFileReference; lastKnownFileType = text.plist.xml; path = Info.plist; sourceTree = "<group>"; };
		89073A34292A8AFA00020801 /* LoginViewController.swift */ = {isa = PBXFileReference; lastKnownFileType = sourcecode.swift; path = LoginViewController.swift; sourceTree = "<group>"; };
		89073A38292DA04500020801 /* HomeViewController.swift */ = {isa = PBXFileReference; lastKnownFileType = sourcecode.swift; path = HomeViewController.swift; sourceTree = "<group>"; };
/* End PBXFileReference section */

/* Begin PBXFrameworksBuildPhase section */
		89073A182926A6CC00020801 /* Frameworks */ = {
			isa = PBXFrameworksBuildPhase;
			buildActionMask = 2147483647;
			files = (
				3C801F044149228276E4C00A /* Pods_BudgetizeApp.framework in Frameworks */,
			);
			runOnlyForDeploymentPostprocessing = 0;
		};
/* End PBXFrameworksBuildPhase section */

/* Begin PBXGroup section */
		1B802B90664A3E4FFB3BD50A /* Pods */ = {
			isa = PBXGroup;
			children = (
				6C5537F9BDDA071709685833 /* Pods-BudgetizeApp.debug.xcconfig */,
				5507487FA18AE0AE97D48DA2 /* Pods-BudgetizeApp.release.xcconfig */,
			);
			path = Pods;
			sourceTree = "<group>";
		};
		89073A122926A6CC00020801 = {
			isa = PBXGroup;
			children = (
				89073A1D2926A6CC00020801 /* BudgetizeApp */,
				89073A1C2926A6CC00020801 /* Products */,
				1B802B90664A3E4FFB3BD50A /* Pods */,
				F9697CB5A37CC8283F27BEDF /* Frameworks */,
			);
			sourceTree = "<group>";
		};
		89073A1C2926A6CC00020801 /* Products */ = {
			isa = PBXGroup;
			children = (
				89073A1B2926A6CC00020801 /* BudgetizeApp.app */,
			);
			name = Products;
			sourceTree = "<group>";
		};
		89073A1D2926A6CC00020801 /* BudgetizeApp */ = {
			isa = PBXGroup;
			children = (
				89073A1E2926A6CC00020801 /* AppDelegate.swift */,
				89073A202926A6CC00020801 /* SceneDelegate.swift */,
				89073A242926A6CC00020801 /* Main.storyboard */,
				89073A272926A6CE00020801 /* Assets.xcassets */,
				89073A292926A6CE00020801 /* LaunchScreen.storyboard */,
				89073A2C2926A6CE00020801 /* Info.plist */,
				89073A34292A8AFA00020801 /* LoginViewController.swift */,
				89073A38292DA04500020801 /* HomeViewController.swift */,
			);
			path = BudgetizeApp;
			sourceTree = "<group>";
		};
		F9697CB5A37CC8283F27BEDF /* Frameworks */ = {
			isa = PBXGroup;
			children = (
				86AE28DA12478C6D0C4C2BA7 /* Pods_BudgetizeApp.framework */,
			);
			name = Frameworks;
			sourceTree = "<group>";
		};
/* End PBXGroup section */

/* Begin PBXNativeTarget section */
		89073A1A2926A6CC00020801 /* BudgetizeApp */ = {
			isa = PBXNativeTarget;
			buildConfigurationList = 89073A2F2926A6CE00020801 /* Build configuration list for PBXNativeTarget "BudgetizeApp" */;
			buildPhases = (
				27C5EC7370962D4764C14CA9 /* [CP] Check Pods Manifest.lock */,
				89073A172926A6CC00020801 /* Sources */,
				89073A182926A6CC00020801 /* Frameworks */,
				89073A192926A6CC00020801 /* Resources */,
				9D12C05A2B6AF783FDC19C71 /* [CP] Embed Pods Frameworks */,
			);
			buildRules = (
			);
			dependencies = (
			);
			name = BudgetizeApp;
			productName = BudgetizeApp;
			productReference = 89073A1B2926A6CC00020801 /* BudgetizeApp.app */;
			productType = "com.apple.product-type.application";
		};
/* End PBXNativeTarget section */

/* Begin PBXProject section */
		89073A132926A6CC00020801 /* Project object */ = {
			isa = PBXProject;
			attributes = {
				BuildIndependentTargetsInParallel = 1;
				LastSwiftUpdateCheck = 1410;
				LastUpgradeCheck = 1410;
				TargetAttributes = {
					89073A1A2926A6CC00020801 = {
						CreatedOnToolsVersion = 14.1;
					};
				};
			};
			buildConfigurationList = 89073A162926A6CC00020801 /* Build configuration list for PBXProject "BudgetizeApp" */;
			compatibilityVersion = "Xcode 13.0";
			developmentRegion = en;
			hasScannedForEncodings = 0;
			knownRegions = (
				en,
				Base,
			);
			mainGroup = 89073A122926A6CC00020801;
			productRefGroup = 89073A1C2926A6CC00020801 /* Products */;
			projectDirPath = "";
			projectRoot = "";
			targets = (
				89073A1A2926A6CC00020801 /* BudgetizeApp */,
			);
		};
/* End PBXProject section */

/* Begin PBXResourcesBuildPhase section */
		89073A192926A6CC00020801 /* Resources */ = {
			isa = PBXResourcesBuildPhase;
			buildActionMask = 2147483647;
			files = (
				89073A2B2926A6CE00020801 /* LaunchScreen.storyboard in Resources */,
				89073A282926A6CE00020801 /* Assets.xcassets in Resources */,
				89073A262926A6CC00020801 /* Main.storyboard in Resources */,
			);
			runOnlyForDeploymentPostprocessing = 0;
		};
/* End PBXResourcesBuildPhase section */

/* Begin PBXShellScriptBuildPhase section */
		27C5EC7370962D4764C14CA9 /* [CP] Check Pods Manifest.lock */ = {
			isa = PBXShellScriptBuildPhase;
			buildActionMask = 2147483647;
			files = (
			);
			inputFileListPaths = (
			);
			inputPaths = (
				"${PODS_PODFILE_DIR_PATH}/Podfile.lock",
				"${PODS_ROOT}/Manifest.lock",
			);
			name = "[CP] Check Pods Manifest.lock";
			outputFileListPaths = (
			);
			outputPaths = (
				"$(DERIVED_FILE_DIR)/Pods-BudgetizeApp-checkManifestLockResult.txt",
			);
			runOnlyForDeploymentPostprocessing = 0;
			shellPath = /bin/sh;
			shellScript = "diff \"${PODS_PODFILE_DIR_PATH}/Podfile.lock\" \"${PODS_ROOT}/Manifest.lock\" > /dev/null\nif [ $? != 0 ] ; then\n    # print error to STDERR\n    echo \"error: The sandbox is not in sync with the Podfile.lock. Run 'pod install' or update your CocoaPods installation.\" >&2\n    exit 1\nfi\n# This output is used by Xcode 'outputs' to avoid re-running this script phase.\necho \"SUCCESS\" > \"${SCRIPT_OUTPUT_FILE_0}\"\n";
			showEnvVarsInLog = 0;
		};
		9D12C05A2B6AF783FDC19C71 /* [CP] Embed Pods Frameworks */ = {
			isa = PBXShellScriptBuildPhase;
			buildActionMask = 2147483647;
			files = (
			);
			inputFileListPaths = (
				"${PODS_ROOT}/Target Support Files/Pods-BudgetizeApp/Pods-BudgetizeApp-frameworks-${CONFIGURATION}-input-files.xcfilelist",
			);
			name = "[CP] Embed Pods Frameworks";
			outputFileListPaths = (
				"${PODS_ROOT}/Target Support Files/Pods-BudgetizeApp/Pods-BudgetizeApp-frameworks-${CONFIGURATION}-output-files.xcfilelist",
			);
			runOnlyForDeploymentPostprocessing = 0;
			shellPath = /bin/sh;
			shellScript = "\"${PODS_ROOT}/Target Support Files/Pods-BudgetizeApp/Pods-BudgetizeApp-frameworks.sh\"\n";
			showEnvVarsInLog = 0;
		};
/* End PBXShellScriptBuildPhase section */

/* Begin PBXSourcesBuildPhase section */
		89073A172926A6CC00020801 /* Sources */ = {
			isa = PBXSourcesBuildPhase;
			buildActionMask = 2147483647;
			files = (
				89073A35292A8AFA00020801 /* LoginViewController.swift in Sources */,
				89073A1F2926A6CC00020801 /* AppDelegate.swift in Sources */,
				89073A212926A6CC00020801 /* SceneDelegate.swift in Sources */,
				89073A39292DA04500020801 /* HomeViewController.swift in Sources */,
			);
			runOnlyForDeploymentPostprocessing = 0;
		};
/* End PBXSourcesBuildPhase section */

/* Begin PBXVariantGroup section */
		89073A242926A6CC00020801 /* Main.storyboard */ = {
			isa = PBXVariantGroup;
			children = (
				89073A252926A6CC00020801 /* Base */,
			);
			name = Main.storyboard;
			sourceTree = "<group>";
		};
		89073A292926A6CE00020801 /* LaunchScreen.storyboard */ = {
			isa = PBXVariantGroup;
			children = (
				89073A2A2926A6CE00020801 /* Base */,
			);
			name = LaunchScreen.storyboard;
			sourceTree = "<group>";
		};
/* End PBXVariantGroup section */

/* Begin XCBuildConfiguration section */
		89073A2D2926A6CE00020801 /* Debug */ = {
			isa = XCBuildConfiguration;
			buildSettings = {
				ALWAYS_SEARCH_USER_PATHS = NO;
				CLANG_ANALYZER_NONNULL = YES;
				CLANG_ANALYZER_NUMBER_OBJECT_CONVERSION = YES_AGGRESSIVE;
				CLANG_CXX_LANGUAGE_STANDARD = "gnu++20";
				CLANG_ENABLE_MODULES = YES;
				CLANG_ENABLE_OBJC_ARC = YES;
				CLANG_ENABLE_OBJC_WEAK = YES;
				CLANG_WARN_BLOCK_CAPTURE_AUTORELEASING = YES;
				CLANG_WARN_BOOL_CONVERSION = YES;
				CLANG_WARN_COMMA = YES;
				CLANG_WARN_CONSTANT_CONVERSION = YES;
				CLANG_WARN_DEPRECATED_OBJC_IMPLEMENTATIONS = YES;
				CLANG_WARN_DIRECT_OBJC_ISA_USAGE = YES_ERROR;
				CLANG_WARN_DOCUMENTATION_COMMENTS = YES;
				CLANG_WARN_EMPTY_BODY = YES;
				CLANG_WARN_ENUM_CONVERSION = YES;
				CLANG_WARN_INFINITE_RECURSION = YES;
				CLANG_WARN_INT_CONVERSION = YES;
				CLANG_WARN_NON_LITERAL_NULL_CONVERSION = YES;
				CLANG_WARN_OBJC_IMPLICIT_RETAIN_SELF = YES;
				CLANG_WARN_OBJC_LITERAL_CONVERSION = YES;
				CLANG_WARN_OBJC_ROOT_CLASS = YES_ERROR;
				CLANG_WARN_QUOTED_INCLUDE_IN_FRAMEWORK_HEADER = YES;
				CLANG_WARN_RANGE_LOOP_ANALYSIS = YES;
				CLANG_WARN_STRICT_PROTOTYPES = YES;
				CLANG_WARN_SUSPICIOUS_MOVE = YES;
				CLANG_WARN_UNGUARDED_AVAILABILITY = YES_AGGRESSIVE;
				CLANG_WARN_UNREACHABLE_CODE = YES;
				CLANG_WARN__DUPLICATE_METHOD_MATCH = YES;
				COPY_PHASE_STRIP = NO;
				DEBUG_INFORMATION_FORMAT = dwarf;
				ENABLE_STRICT_OBJC_MSGSEND = YES;
				ENABLE_TESTABILITY = YES;
				GCC_C_LANGUAGE_STANDARD = gnu11;
				GCC_DYNAMIC_NO_PIC = NO;
				GCC_NO_COMMON_BLOCKS = YES;
				GCC_OPTIMIZATION_LEVEL = 0;
				GCC_PREPROCESSOR_DEFINITIONS = (
					"DEBUG=1",
					"$(inherited)",
				);
				GCC_WARN_64_TO_32_BIT_CONVERSION = YES;
				GCC_WARN_ABOUT_RETURN_TYPE = YES_ERROR;
				GCC_WARN_UNDECLARED_SELECTOR = YES;
				GCC_WARN_UNINITIALIZED_AUTOS = YES_AGGRESSIVE;
				GCC_WARN_UNUSED_FUNCTION = YES;
				GCC_WARN_UNUSED_VARIABLE = YES;
				IPHONEOS_DEPLOYMENT_TARGET = 16.1;
				MTL_ENABLE_DEBUG_INFO = INCLUDE_SOURCE;
				MTL_FAST_MATH = YES;
				ONLY_ACTIVE_ARCH = YES;
				SDKROOT = iphoneos;
				SWIFT_ACTIVE_COMPILATION_CONDITIONS = DEBUG;
				SWIFT_OPTIMIZATION_LEVEL = "-Onone";
			};
			name = Debug;
		};
		89073A2E2926A6CE00020801 /* Release */ = {
			isa = XCBuildConfiguration;
			buildSettings = {
				ALWAYS_SEARCH_USER_PATHS = NO;
				CLANG_ANALYZER_NONNULL = YES;
				CLANG_ANALYZER_NUMBER_OBJECT_CONVERSION = YES_AGGRESSIVE;
				CLANG_CXX_LANGUAGE_STANDARD = "gnu++20";
				CLANG_ENABLE_MODULES = YES;
				CLANG_ENABLE_OBJC_ARC = YES;
				CLANG_ENABLE_OBJC_WEAK = YES;
				CLANG_WARN_BLOCK_CAPTURE_AUTORELEASING = YES;
				CLANG_WARN_BOOL_CONVERSION = YES;
				CLANG_WARN_COMMA = YES;
				CLANG_WARN_CONSTANT_CONVERSION = YES;
				CLANG_WARN_DEPRECATED_OBJC_IMPLEMENTATIONS = YES;
				CLANG_WARN_DIRECT_OBJC_ISA_USAGE = YES_ERROR;
				CLANG_WARN_DOCUMENTATION_COMMENTS = YES;
				CLANG_WARN_EMPTY_BODY = YES;
				CLANG_WARN_ENUM_CONVERSION = YES;
				CLANG_WARN_INFINITE_RECURSION = YES;
				CLANG_WARN_INT_CONVERSION = YES;
				CLANG_WARN_NON_LITERAL_NULL_CONVERSION = YES;
				CLANG_WARN_OBJC_IMPLICIT_RETAIN_SELF = YES;
				CLANG_WARN_OBJC_LITERAL_CONVERSION = YES;
				CLANG_WARN_OBJC_ROOT_CLASS = YES_ERROR;
				CLANG_WARN_QUOTED_INCLUDE_IN_FRAMEWORK_HEADER = YES;
				CLANG_WARN_RANGE_LOOP_ANALYSIS = YES;
				CLANG_WARN_STRICT_PROTOTYPES = YES;
				CLANG_WARN_SUSPICIOUS_MOVE = YES;
				CLANG_WARN_UNGUARDED_AVAILABILITY = YES_AGGRESSIVE;
				CLANG_WARN_UNREACHABLE_CODE = YES;
				CLANG_WARN__DUPLICATE_METHOD_MATCH = YES;
				COPY_PHASE_STRIP = NO;
				DEBUG_INFORMATION_FORMAT = "dwarf-with-dsym";
				ENABLE_NS_ASSERTIONS = NO;
				ENABLE_STRICT_OBJC_MSGSEND = YES;
				GCC_C_LANGUAGE_STANDARD = gnu11;
				GCC_NO_COMMON_BLOCKS = YES;
				GCC_WARN_64_TO_32_BIT_CONVERSION = YES;
				GCC_WARN_ABOUT_RETURN_TYPE = YES_ERROR;
				GCC_WARN_UNDECLARED_SELECTOR = YES;
				GCC_WARN_UNINITIALIZED_AUTOS = YES_AGGRESSIVE;
				GCC_WARN_UNUSED_FUNCTION = YES;
				GCC_WARN_UNUSED_VARIABLE = YES;
				IPHONEOS_DEPLOYMENT_TARGET = 16.1;
				MTL_ENABLE_DEBUG_INFO = NO;
				MTL_FAST_MATH = YES;
				SDKROOT = iphoneos;
				SWIFT_COMPILATION_MODE = wholemodule;
				SWIFT_OPTIMIZATION_LEVEL = "-O";
				VALIDATE_PRODUCT = YES;
			};
			name = Release;
		};
		89073A302926A6CE00020801 /* Debug */ = {
			isa = XCBuildConfiguration;
			baseConfigurationReference = 6C5537F9BDDA071709685833 /* Pods-BudgetizeApp.debug.xcconfig */;
			buildSettings = {
				ASSETCATALOG_COMPILER_APPICON_NAME = AppIcon;
				ASSETCATALOG_COMPILER_GLOBAL_ACCENT_COLOR_NAME = AccentColor;
				CODE_SIGN_STYLE = Automatic;
				CURRENT_PROJECT_VERSION = 1;
				DEVELOPMENT_TEAM = 6NKK5R7FKZ;
				GENERATE_INFOPLIST_FILE = YES;
				INFOPLIST_FILE = BudgetizeApp/Info.plist;
				INFOPLIST_KEY_UIApplicationSupportsIndirectInputEvents = YES;
				INFOPLIST_KEY_UILaunchStoryboardName = LaunchScreen;
				INFOPLIST_KEY_UIMainStoryboardFile = Main;
				INFOPLIST_KEY_UISupportedInterfaceOrientations_iPad = "UIInterfaceOrientationPortrait UIInterfaceOrientationPortraitUpsideDown UIInterfaceOrientationLandscapeLeft UIInterfaceOrientationLandscapeRight";
				INFOPLIST_KEY_UISupportedInterfaceOrientations_iPhone = "UIInterfaceOrientationPortrait UIInterfaceOrientationLandscapeLeft UIInterfaceOrientationLandscapeRight";
				IPHONEOS_DEPLOYMENT_TARGET = 15;
				LD_RUNPATH_SEARCH_PATHS = (
					"$(inherited)",
					"@executable_path/Frameworks",
				);
				MARKETING_VERSION = 1.0;
				PRODUCT_BUNDLE_IDENTIFIER = ios.jw.fiu.edu.BudgetizeApp;
				PRODUCT_NAME = "$(TARGET_NAME)";
				SWIFT_EMIT_LOC_STRINGS = YES;
				SWIFT_VERSION = 5.0;
				TARGETED_DEVICE_FAMILY = "1,2";
			};
			name = Debug;
		};
		89073A312926A6CE00020801 /* Release */ = {
			isa = XCBuildConfiguration;
			baseConfigurationReference = 5507487FA18AE0AE97D48DA2 /* Pods-BudgetizeApp.release.xcconfig */;
			buildSettings = {
				ASSETCATALOG_COMPILER_APPICON_NAME = AppIcon;
				ASSETCATALOG_COMPILER_GLOBAL_ACCENT_COLOR_NAME = AccentColor;
				CODE_SIGN_STYLE = Automatic;
				CURRENT_PROJECT_VERSION = 1;
				DEVELOPMENT_TEAM = 6NKK5R7FKZ;
				GENERATE_INFOPLIST_FILE = YES;
				INFOPLIST_FILE = BudgetizeApp/Info.plist;
				INFOPLIST_KEY_UIApplicationSupportsIndirectInputEvents = YES;
				INFOPLIST_KEY_UILaunchStoryboardName = LaunchScreen;
				INFOPLIST_KEY_UIMainStoryboardFile = Main;
				INFOPLIST_KEY_UISupportedInterfaceOrientations_iPad = "UIInterfaceOrientationPortrait UIInterfaceOrientationPortraitUpsideDown UIInterfaceOrientationLandscapeLeft UIInterfaceOrientationLandscapeRight";
				INFOPLIST_KEY_UISupportedInterfaceOrientations_iPhone = "UIInterfaceOrientationPortrait UIInterfaceOrientationLandscapeLeft UIInterfaceOrientationLandscapeRight";
				IPHONEOS_DEPLOYMENT_TARGET = 15;
				LD_RUNPATH_SEARCH_PATHS = (
					"$(inherited)",
					"@executable_path/Frameworks",
				);
				MARKETING_VERSION = 1.0;
				PRODUCT_BUNDLE_IDENTIFIER = ios.jw.fiu.edu.BudgetizeApp;
				PRODUCT_NAME = "$(TARGET_NAME)";
				SWIFT_EMIT_LOC_STRINGS = YES;
				SWIFT_VERSION = 5.0;
				TARGETED_DEVICE_FAMILY = "1,2";
			};
			name = Release;
		};
/* End XCBuildConfiguration section */

/* Begin XCConfigurationList section */
		89073A162926A6CC00020801 /* Build configuration list for PBXProject "BudgetizeApp" */ = {
			isa = XCConfigurationList;
			buildConfigurations = (
				89073A2D2926A6CE00020801 /* Debug */,
				89073A2E2926A6CE00020801 /* Release */,
			);
			defaultConfigurationIsVisible = 0;
			defaultConfigurationName = Release;
		};
		89073A2F2926A6CE00020801 /* Build configuration list for PBXNativeTarget "BudgetizeApp" */ = {
			isa = XCConfigurationList;
			buildConfigurations = (
				89073A302926A6CE00020801 /* Debug */,
				89073A312926A6CE00020801 /* Release */,
			);
			defaultConfigurationIsVisible = 0;
			defaultConfigurationName = Release;
		};
/* End XCConfigurationList section */
	};
	rootObject = 89073A132926A6CC00020801 /* Project object */;
}
